
Microsoft Visual Studio Solution File, Format Version 12.00
# Visual Studio Version 17
VisualStudioVersion = 17.9.34728.123
MinimumVisualStudioVersion = 10.0.40219.1
Project("{54A90642-561A-4BB1-A94E-469ADEE60C69}") = "ShopFrontEnd", "ShopFrontEnd\ShopFrontEnd.esproj", "{FDB62E95-7D00-4702-9439-D32F1AC37425}"
EndProject
Global
	GlobalSection(SolutionConfigurationPlatforms) = preSolution
		Debug|Any CPU = Debug|Any CPU
		Release|Any CPU = Release|Any CPU
	EndGlobalSection
	GlobalSection(ProjectConfigurationPlatforms) = postSolution
		{FDB62E95-7D00-4702-9439-D32F1AC37425}.Debug|Any CPU.ActiveCfg = Debug|Any CPU
		{FDB62E95-7D00-4702-9439-D32F1AC37425}.Debug|Any CPU.Build.0 = Debug|Any CPU
		{FDB62E95-7D00-4702-9439-D32F1AC37425}.Debug|Any CPU.Deploy.0 = Debug|Any CPU
		{FDB62E95-7D00-4702-9439-D32F1AC37425}.Release|Any CPU.ActiveCfg = Release|Any CPU
		{FDB62E95-7D00-4702-9439-D32F1AC37425}.Release|Any CPU.Build.0 = Release|Any CPU
		{FDB62E95-7D00-4702-9439-D32F1AC37425}.Release|Any CPU.Deploy.0 = Release|Any CPU
	EndGlobalSection
	GlobalSection(SolutionProperties) = preSolution
		HideSolutionNode = FALSE
	EndGlobalSection
	GlobalSection(ExtensibilityGlobals) = postSolution
		SolutionGuid = {EAAEEECC-9F71-4DD7-824E-C42095A2FACB}
	EndGlobalSection
EndGlobal
